{
  "version": 4,
  "terraform_version": "1.10.0",
  "serial": 6,
  "lineage": "7df039d8-4259-c6cd-89df-a41c24aabb5a",
  "outputs": {
    "policy_definition_id": {
      "value": "/subscriptions/2a1f765f-c81a-419f-a920-25a2c9e38966/providers/Microsoft.Authorization/policyDefinitions/Project1-allowed-locations-policy",
      "type": "string"
    },
    "resource_group_location": {
      "value": "eastus",
      "type": "string"
    },
    "resource_group_name": {
      "value": "Project1-Project1-resource-group",
      "type": "string"
    },
    "subnet_id": {
      "value": "/subscriptions/2a1f765f-c81a-419f-a920-25a2c9e38966/resourceGroups/Project1-Project1-resource-group/providers/Microsoft.Network/virtualNetworks/Project1-vnet/subnets/Project1-subnet",
      "type": "string"
    },
    "virtual_network_id": {
      "value": "/subscriptions/2a1f765f-c81a-419f-a920-25a2c9e38966/resourceGroups/Project1-Project1-resource-group/providers/Microsoft.Network/virtualNetworks/Project1-vnet",
      "type": "string"
    }
  },
  "resources": [
    {
      "mode": "managed",
      "type": "azurerm_policy_definition",
      "name": "allowed_locations",
      "provider": "provider[\"registry.terraform.io/hashicorp/azurerm\"]",
      "instances": [
        {
          "schema_version": 0,
          "attributes": {
            "description": "Ensure resources are deployed only in allowed locations for Project1.",
            "display_name": "Project1 Allowed Locations Policy",
            "id": "/subscriptions/2a1f765f-c81a-419f-a920-25a2c9e38966/providers/Microsoft.Authorization/policyDefinitions/Project1-allowed-locations-policy",
            "management_group_id": "",
            "metadata": "{\"createdBy\":\"cecdb7d3-37e7-44e3-856b-73286650ca7e\",\"createdOn\":\"2024-12-03T16:02:28.0744104Z\",\"updatedBy\":null,\"updatedOn\":null}",
            "mode": "All",
            "name": "Project1-allowed-locations-policy",
            "parameters": "",
            "policy_rule": "{\"if\":{\"not\":{\"field\":\"location\",\"in\":[\"East US\",\"West US\"]}},\"then\":{\"effect\":\"deny\"}}",
            "policy_type": "Custom",
            "role_definition_ids": [],
            "timeouts": null
          },
          "sensitive_attributes": [],
          "private": "eyJlMmJmYjczMC1lY2FhLTExZTYtOGY4OC0zNDM2M2JjN2M0YzAiOnsiY3JlYXRlIjoxODAwMDAwMDAwMDAwLCJkZWxldGUiOjE4MDAwMDAwMDAwMDAsInJlYWQiOjMwMDAwMDAwMDAwMCwidXBkYXRlIjoxODAwMDAwMDAwMDAwfX0="
        }
      ]
    },
    {
      "mode": "managed",
      "type": "azurerm_resource_group",
      "name": "rg",
      "provider": "provider[\"registry.terraform.io/hashicorp/azurerm\"]",
      "instances": [
        {
          "schema_version": 0,
          "attributes": {
            "id": "/subscriptions/2a1f765f-c81a-419f-a920-25a2c9e38966/resourceGroups/Project1-Project1-resource-group",
            "location": "eastus",
            "managed_by": "",
            "name": "Project1-Project1-resource-group",
            "tags": null,
            "timeouts": null
          },
          "sensitive_attributes": [],
          "private": "eyJlMmJmYjczMC1lY2FhLTExZTYtOGY4OC0zNDM2M2JjN2M0YzAiOnsiY3JlYXRlIjo1NDAwMDAwMDAwMDAwLCJkZWxldGUiOjU0MDAwMDAwMDAwMDAsInJlYWQiOjMwMDAwMDAwMDAwMCwidXBkYXRlIjo1NDAwMDAwMDAwMDAwfX0="
        }
      ]
    },
    {
      "mode": "managed",
      "type": "azurerm_resource_group_policy_assignment",
      "name": "location_policy_assignment",
      "provider": "provider[\"registry.terraform.io/hashicorp/azurerm\"]",
      "instances": [
        {
          "schema_version": 0,
          "attributes": {
            "description": "Ensure resources in this group comply with location restrictions for Project1.",
            "display_name": "Project1 Enforce Allowed Locations",
            "enforce": true,
            "id": "/subscriptions/2a1f765f-c81a-419f-a920-25a2c9e38966/resourceGroups/Project1-Project1-resource-group/providers/Microsoft.Authorization/policyAssignments/Project1-enforce-location-policy",
            "identity": [],
            "location": "",
            "metadata": "{\"createdBy\":\"cecdb7d3-37e7-44e3-856b-73286650ca7e\",\"createdOn\":\"2024-12-03T16:04:00.5144984Z\",\"updatedBy\":null,\"updatedOn\":null}",
            "name": "Project1-enforce-location-policy",
            "non_compliance_message": [],
            "not_scopes": null,
            "overrides": [],
            "parameters": "",
            "policy_definition_id": "/subscriptions/2a1f765f-c81a-419f-a920-25a2c9e38966/providers/Microsoft.Authorization/policyDefinitions/Project1-allowed-locations-policy",
            "resource_group_id": "/subscriptions/2a1f765f-c81a-419f-a920-25a2c9e38966/resourceGroups/Project1-Project1-resource-group",
            "resource_selectors": [],
            "timeouts": null
          },
          "sensitive_attributes": [],
          "private": "eyJlMmJmYjczMC1lY2FhLTExZTYtOGY4OC0zNDM2M2JjN2M0YzAiOnsiY3JlYXRlIjoxODAwMDAwMDAwMDAwLCJkZWxldGUiOjE4MDAwMDAwMDAwMDAsInJlYWQiOjMwMDAwMDAwMDAwMCwidXBkYXRlIjoxODAwMDAwMDAwMDAwfX0=",
          "dependencies": [
            "azurerm_policy_definition.allowed_locations",
            "azurerm_resource_group.rg"
          ]
        }
      ]
    },
    {
      "mode": "managed",
      "type": "azurerm_subnet",
      "name": "subnet",
      "provider": "provider[\"registry.terraform.io/hashicorp/azurerm\"]",
      "instances": [
        {
          "schema_version": 0,
          "attributes": {
            "address_prefixes": [
              "10.0.1.0/24"
            ],
            "default_outbound_access_enabled": true,
            "delegation": [],
            "id": "/subscriptions/2a1f765f-c81a-419f-a920-25a2c9e38966/resourceGroups/Project1-Project1-resource-group/providers/Microsoft.Network/virtualNetworks/Project1-vnet/subnets/Project1-subnet",
            "name": "Project1-subnet",
            "private_endpoint_network_policies": "Disabled",
            "private_link_service_network_policies_enabled": true,
            "resource_group_name": "Project1-Project1-resource-group",
            "service_endpoint_policy_ids": null,
            "service_endpoints": null,
            "timeouts": null,
            "virtual_network_name": "Project1-vnet"
          },
          "sensitive_attributes": [],
          "private": "eyJlMmJmYjczMC1lY2FhLTExZTYtOGY4OC0zNDM2M2JjN2M0YzAiOnsiY3JlYXRlIjoxODAwMDAwMDAwMDAwLCJkZWxldGUiOjE4MDAwMDAwMDAwMDAsInJlYWQiOjMwMDAwMDAwMDAwMCwidXBkYXRlIjoxODAwMDAwMDAwMDAwfX0=",
          "dependencies": [
            "azurerm_resource_group.rg",
            "azurerm_virtual_network.vnet"
          ]
        }
      ]
    },
    {
      "mode": "managed",
      "type": "azurerm_virtual_network",
      "name": "vnet",
      "provider": "provider[\"registry.terraform.io/hashicorp/azurerm\"]",
      "instances": [
        {
          "schema_version": 0,
          "attributes": {
            "address_space": [
              "10.0.0.0/16"
            ],
            "bgp_community": "",
            "ddos_protection_plan": [],
            "dns_servers": [],
            "edge_zone": "",
            "encryption": [],
            "flow_timeout_in_minutes": 0,
            "guid": "0c560bdb-b48d-4170-a8a2-00204f3beec8",
            "id": "/subscriptions/2a1f765f-c81a-419f-a920-25a2c9e38966/resourceGroups/Project1-Project1-resource-group/providers/Microsoft.Network/virtualNetworks/Project1-vnet",
            "location": "eastus",
            "name": "Project1-vnet",
            "resource_group_name": "Project1-Project1-resource-group",
            "subnet": [],
            "tags": null,
            "timeouts": null
          },
          "sensitive_attributes": [],
          "private": "eyJlMmJmYjczMC1lY2FhLTExZTYtOGY4OC0zNDM2M2JjN2M0YzAiOnsiY3JlYXRlIjoxODAwMDAwMDAwMDAwLCJkZWxldGUiOjE4MDAwMDAwMDAwMDAsInJlYWQiOjMwMDAwMDAwMDAwMCwidXBkYXRlIjoxODAwMDAwMDAwMDAwfX0=",
          "dependencies": [
            "azurerm_resource_group.rg"
          ]
        }
      ]
    }
  ],
  "check_results": null
}
